
Microsoft Visual Studio Solution File, Format Version 12.00
# Visual Studio Version 17
VisualStudioVersion = 17.11.35327.3
MinimumVisualStudioVersion = 10.0.40219.1
Project("{FAE04EC0-301F-11D3-BF4B-00C04F79EFBC}") = "Deconstruction", "Deconstruction.csproj", "{2958ED16-1758-4E3F-A78F-52EA2982999F}"
EndProject
Global
	GlobalSection(SolutionConfigurationPlatforms) = preSolution
		Debug|Any CPU = Debug|Any CPU
		Release|Any CPU = Release|Any CPU
	EndGlobalSection
	GlobalSection(ProjectConfigurationPlatforms) = postSolution
		{2958ED16-1758-4E3F-A78F-52EA2982999F}.Debug|Any CPU.ActiveCfg = Debug|Any CPU
		{2958ED16-1758-4E3F-A78F-52EA2982999F}.Debug|Any CPU.Build.0 = Debug|Any CPU
		{2958ED16-1758-4E3F-A78F-52EA2982999F}.Release|Any CPU.ActiveCfg = Release|Any CPU
		{2958ED16-1758-4E3F-A78F-52EA2982999F}.Release|Any CPU.Build.0 = Release|Any CPU
	EndGlobalSection
	GlobalSection(SolutionProperties) = preSolution
		HideSolutionNode = FALSE
	EndGlobalSection
	GlobalSection(ExtensibilityGlobals) = postSolution
		SolutionGuid = {8B94E32B-6891-42BA-AEFA-EA483F1627F9}
	EndGlobalSection
EndGlobal
